# THIS IS AN AUTOGENERATED FILE. DO NOT EDIT THIS FILE DIRECTLY.
# yarn lockfile v1


commander@^6.0.0:
  version "6.2.1"
  resolved "https://registry.yarnpkg.com/commander/-/commander-6.2.1.tgz#0792eb682dfbc325999bb2b84fddddba110ac73c"
  integrity sha512-U7VdrJFnJgo4xjrHpTzu0yrHPGImdsmD95ZlgYSEajAn2JKzDhDTPG9kBTefmObL2w/ngeZnilk+OV9CG3d7UA==

git-branch-is@^4.0.0:
  version "4.0.0"
  resolved "https://registry.yarnpkg.com/git-branch-is/-/git-branch-is-4.0.0.tgz#2d80b6204c0178f6c70ec1aefdd1998ebd3dbb82"
  integrity sha512-isA1/lMHEaorz2JpcqmSZMnS1EerfMqQdawJ2eebU2MVUI8QWiab0iYrBbs4zaAEPVCPVGYXOGGZVeQFSjCGzg==
  dependencies:
    commander "^6.0.0"

husky@^7.0.4:
  version "7.0.4"
  resolved "https://registry.yarnpkg.com/husky/-/husky-7.0.4.tgz#242048245dc49c8fb1bf0cc7cfb98dd722531535"
  integrity sha512-vbaCKN2QLtP/vD4yvs6iz6hBEo6wkSzs8HpRah1Z6aGmF2KW5PdYuAd7uX5a+OyBZHBhd+TFLqgjUgytQr4RvQ==

react-with-native-store@^1.0.10:
  version "1.0.52"
  resolved "https://registry.yarnpkg.com/react-with-native-store/-/react-with-native-store-1.0.52.tgz#5efb13503e314fae9ee90f060862dd47ee5899c3"
  integrity sha512-bKy+KmvKgZNpGKhjZ7zZ+9Vjj4Em39J7tq/RcJlQEPyFdAWtDd0Q1F4YwrQLc7tD8b+ImtjjLrT4L4WANZA+ow==
