# THIS IS AN AUTOGENERATED FILE. DO NOT EDIT THIS FILE DIRECTLY.
# yarn lockfile v1


"@types/prop-types@*":
  version "15.7.4"
  resolved "https://registry.yarnpkg.com/@types/prop-types/-/prop-types-15.7.4.tgz#fcf7205c25dff795ee79af1e30da2c9790808f11"
  integrity sha512-rZ5drC/jWjrArrS8BR6SIr4cWpW09RNTYt9AMZo3Jwwif+iacXAqgVjm0B0Bv/S1jhDXKHqRVNCbACkJ89RAnQ==

"@types/react-stars@^2.2.1":
  version "2.2.1"
  resolved "https://registry.yarnpkg.com/@types/react-stars/-/react-stars-2.2.1.tgz#4a176a38e591d93557b529e00ae087dd7c467544"
  integrity sha512-x0Z7+OsImFfBbHpLm/o3Z/q9qbapQbaSbKkozSIJXs6OAkFW5keA4Qw4MOjocdmhPPUYI6DDVSB0NOm0QmY+Xg==
  dependencies:
    "@types/react" "*"

"@types/react@*":
  version "17.0.38"
  resolved "https://registry.yarnpkg.com/@types/react/-/react-17.0.38.tgz#f24249fefd89357d5fa71f739a686b8d7c7202bd"
  integrity sha512-SI92X1IA+FMnP3qM5m4QReluXzhcmovhZnLNm3pyeQlooi02qI7sLiepEYqT678uNiyc25XfCqxREFpy3W7YhQ==
  dependencies:
    "@types/prop-types" "*"
    "@types/scheduler" "*"
    csstype "^3.0.2"

"@types/scheduler@*":
  version "0.16.2"
  resolved "https://registry.yarnpkg.com/@types/scheduler/-/scheduler-0.16.2.tgz#1a62f89525723dde24ba1b01b092bf5df8ad4d39"
  integrity sha512-hppQEBDmlwhFAXKJX2KnWLYu5yMfi91yazPb2l+lbJiwW+wdo1gNeRA+3RgNSO39WYX2euey41KEwnqesU2Jew==

commander@^6.0.0:
  version "6.2.1"
  resolved "https://registry.yarnpkg.com/commander/-/commander-6.2.1.tgz#0792eb682dfbc325999bb2b84fddddba110ac73c"
  integrity sha512-U7VdrJFnJgo4xjrHpTzu0yrHPGImdsmD95ZlgYSEajAn2JKzDhDTPG9kBTefmObL2w/ngeZnilk+OV9CG3d7UA==

csstype@^3.0.2:
  version "3.0.10"
  resolved "https://registry.yarnpkg.com/csstype/-/csstype-3.0.10.tgz#2ad3a7bed70f35b965707c092e5f30b327c290e5"
  integrity sha512-2u44ZG2OcNUO9HDp/Jl8C07x6pU/eTR3ncV91SiK3dhG9TWvRVsCoJw14Ckx5DgWkzGA3waZWO3d7pgqpUI/XA==

git-branch-is@^4.0.0:
  version "4.0.0"
  resolved "https://registry.yarnpkg.com/git-branch-is/-/git-branch-is-4.0.0.tgz#2d80b6204c0178f6c70ec1aefdd1998ebd3dbb82"
  integrity sha512-isA1/lMHEaorz2JpcqmSZMnS1EerfMqQdawJ2eebU2MVUI8QWiab0iYrBbs4zaAEPVCPVGYXOGGZVeQFSjCGzg==
  dependencies:
    commander "^6.0.0"

husky@^7.0.4:
  version "7.0.4"
  resolved "https://registry.yarnpkg.com/husky/-/husky-7.0.4.tgz#242048245dc49c8fb1bf0cc7cfb98dd722531535"
  integrity sha512-vbaCKN2QLtP/vD4yvs6iz6hBEo6wkSzs8HpRah1Z6aGmF2KW5PdYuAd7uX5a+OyBZHBhd+TFLqgjUgytQr4RvQ==

react-with-native-store@^1.0.10:
  version "1.0.52"
  resolved "https://registry.yarnpkg.com/react-with-native-store/-/react-with-native-store-1.0.52.tgz#5efb13503e314fae9ee90f060862dd47ee5899c3"
  integrity sha512-bKy+KmvKgZNpGKhjZ7zZ+9Vjj4Em39J7tq/RcJlQEPyFdAWtDd0Q1F4YwrQLc7tD8b+ImtjjLrT4L4WANZA+ow==
