# THIS IS AN AUTOGENERATED FILE. DO NOT EDIT THIS FILE DIRECTLY.
# yarn lockfile v1


commander@^6.0.0:
  version "6.2.1"
  resolved "https://registry.npmjs.org/commander/-/commander-6.2.1.tgz"
  integrity sha512-U7VdrJFnJgo4xjrHpTzu0yrHPGImdsmD95ZlgYSEajAn2JKzDhDTPG9kBTefmObL2w/ngeZnilk+OV9CG3d7UA==

git-branch-is@^4.0.0:
  version "4.0.0"
  resolved "https://registry.npmjs.org/git-branch-is/-/git-branch-is-4.0.0.tgz"
  integrity sha512-isA1/lMHEaorz2JpcqmSZMnS1EerfMqQdawJ2eebU2MVUI8QWiab0iYrBbs4zaAEPVCPVGYXOGGZVeQFSjCGzg==
  dependencies:
    commander "^6.0.0"

husky@^7.0.4:
  version "7.0.4"
  resolved "https://registry.npmjs.org/husky/-/husky-7.0.4.tgz"
  integrity sha512-vbaCKN2QLtP/vD4yvs6iz6hBEo6wkSzs8HpRah1Z6aGmF2KW5PdYuAd7uX5a+OyBZHBhd+TFLqgjUgytQr4RvQ==

react-with-native-store@^1.0.10:
  version "1.0.10"
  resolved "https://registry.yarnpkg.com/react-with-native-store/-/react-with-native-store-1.0.10.tgz#c9df978dbd84c9c1228b35b62b8470c49af65e8a"
  integrity sha512-iBS/N9xmEsqgD8drteyZWbTsvNAa9DqDS2DhGru3jxn2e9ZLQ4g/nQG7FeEKD4bZhHk//ulPS94/vxuz1KXxqQ==
